
Microsoft Visual Studio Solution File, Format Version 12.00
# Visual Studio Version 17
VisualStudioVersion = 17.11.35219.272
MinimumVisualStudioVersion = 10.0.40219.1
Project("{FAE04EC0-301F-11D3-BF4B-00C04F79EFBC}") = "Home", "Home\Home.csproj", "{4EAF5C7E-C71D-4134-A66C-B193493B8CA5}"
EndProject
Global
	GlobalSection(SolutionConfigurationPlatforms) = preSolution
		Debug|Any CPU = Debug|Any CPU
		Release|Any CPU = Release|Any CPU
	EndGlobalSection
	GlobalSection(ProjectConfigurationPlatforms) = postSolution
		{4EAF5C7E-C71D-4134-A66C-B193493B8CA5}.Debug|Any CPU.ActiveCfg = Debug|Any CPU
		{4EAF5C7E-C71D-4134-A66C-B193493B8CA5}.Debug|Any CPU.Build.0 = Debug|Any CPU
		{4EAF5C7E-C71D-4134-A66C-B193493B8CA5}.Release|Any CPU.ActiveCfg = Release|Any CPU
		{4EAF5C7E-C71D-4134-A66C-B193493B8CA5}.Release|Any CPU.Build.0 = Release|Any CPU
	EndGlobalSection
	GlobalSection(SolutionProperties) = preSolution
		HideSolutionNode = FALSE
	EndGlobalSection
	GlobalSection(ExtensibilityGlobals) = postSolution
		SolutionGuid = {EEF6E779-E792-4B65-A7F4-D0279504F414}
	EndGlobalSection
EndGlobal
